
Microsoft Visual Studio Solution File, Format Version 12.00
# Visual Studio Version 16
VisualStudioVersion = 16.0.29926.136
MinimumVisualStudioVersion = 10.0.40219.1
Project("{FAE04EC0-301F-11D3-BF4B-00C04F79EFBC}") = "PHANMEM_SIMPLENOTE", "PHANMEM_SIMPLENOTE\PHANMEM_SIMPLENOTE.csproj", "{DC959E6A-5F70-434C-AFED-D015CD2007E0}"
EndProject
Global
	GlobalSection(SolutionConfigurationPlatforms) = preSolution
		Debug|Any CPU = Debug|Any CPU
		Release|Any CPU = Release|Any CPU
	EndGlobalSection
	GlobalSection(ProjectConfigurationPlatforms) = postSolution
		{DC959E6A-5F70-434C-AFED-D015CD2007E0}.Debug|Any CPU.ActiveCfg = Debug|Any CPU
		{DC959E6A-5F70-434C-AFED-D015CD2007E0}.Debug|Any CPU.Build.0 = Debug|Any CPU
		{DC959E6A-5F70-434C-AFED-D015CD2007E0}.Release|Any CPU.ActiveCfg = Release|Any CPU
		{DC959E6A-5F70-434C-AFED-D015CD2007E0}.Release|Any CPU.Build.0 = Release|Any CPU
	EndGlobalSection
	GlobalSection(SolutionProperties) = preSolution
		HideSolutionNode = FALSE
	EndGlobalSection
	GlobalSection(ExtensibilityGlobals) = postSolution
		SolutionGuid = {47399B23-E4C9-4C46-96E1-C9274A25616F}
	EndGlobalSection
EndGlobal
